{
  "object": {
    "pins": [
      {
        "package": "InputBarAccessoryView",
        "repositoryURL": "https://github.com/nathantannar4/InputBarAccessoryView",
        "state": {
          "branch": null,
          "revision": "9ad2fa50fdc19a48317aad5ddecbf8a388ca62ea",
          "version": "5.2.2"
        }
      },
      {
        "package": "MessageKit",
        "repositoryURL": "https://github.com/MessageKit/MessageKit",
        "state": {
          "branch": null,
          "revision": "1e4b93c27c179bf755a22c964a46262ca0961560",
          "version": "3.4.2"
        }
      }
    ]
  },
  "version": 1
}
