// !$*UTF8*$!
{
	archiveVersion = 1;
	classes = {
	};
	objectVersion = 52;
	objects = {

/* Begin PBXBuildFile section */
		049EA37E258B6F46008885F6 /* AppDelegate.swift in Sources */ = {isa = PBXBuildFile; fileRef = 049EA37D258B6F46008885F6 /* AppDelegate.swift */; };
		049EA380258B6F46008885F6 /* SceneDelegate.swift in Sources */ = {isa = PBXBuildFile; fileRef = 049EA37F258B6F46008885F6 /* SceneDelegate.swift */; };
		049EA382258B6F46008885F6 /* ViewController.swift in Sources */ = {isa = PBXBuildFile; fileRef = 049EA381258B6F46008885F6 /* ViewController.swift */; };
		049EA385258B6F46008885F6 /* Main.storyboard in Resources */ = {isa = PBXBuildFile; fileRef = 049EA383258B6F46008885F6 /* Main.storyboard */; };
		049EA388258B6F46008885F6 /* Message.xcdatamodeld in Sources */ = {isa = PBXBuildFile; fileRef = 049EA386258B6F46008885F6 /* Message.xcdatamodeld */; };
		049EA38A258B6F48008885F6 /* Assets.xcassets in Resources */ = {isa = PBXBuildFile; fileRef = 049EA389258B6F48008885F6 /* Assets.xcassets */; };
		049EA38D258B6F48008885F6 /* LaunchScreen.storyboard in Resources */ = {isa = PBXBuildFile; fileRef = 049EA38B258B6F48008885F6 /* LaunchScreen.storyboard */; };
		049EA397258B70C3008885F6 /* MessageKit in Frameworks */ = {isa = PBXBuildFile; productRef = 049EA396258B70C3008885F6 /* MessageKit */; };
		049EA39A258B7CF1008885F6 /* ChatViewController.swift in Sources */ = {isa = PBXBuildFile; fileRef = 049EA399258B7CF1008885F6 /* ChatViewController.swift */; };
/* End PBXBuildFile section */

/* Begin PBXFileReference section */
		049EA37A258B6F46008885F6 /* Message.app */ = {isa = PBXFileReference; explicitFileType = wrapper.application; includeInIndex = 0; path = Message.app; sourceTree = BUILT_PRODUCTS_DIR; };
		049EA37D258B6F46008885F6 /* AppDelegate.swift */ = {isa = PBXFileReference; lastKnownFileType = sourcecode.swift; path = AppDelegate.swift; sourceTree = "<group>"; };
		049EA37F258B6F46008885F6 /* SceneDelegate.swift */ = {isa = PBXFileReference; lastKnownFileType = sourcecode.swift; path = SceneDelegate.swift; sourceTree = "<group>"; };
		049EA381258B6F46008885F6 /* ViewController.swift */ = {isa = PBXFileReference; lastKnownFileType = sourcecode.swift; path = ViewController.swift; sourceTree = "<group>"; };
		049EA384258B6F46008885F6 /* Base */ = {isa = PBXFileReference; lastKnownFileType = file.storyboard; name = Base; path = Base.lproj/Main.storyboard; sourceTree = "<group>"; };
		049EA387258B6F46008885F6 /* Message.xcdatamodel */ = {isa = PBXFileReference; lastKnownFileType = wrapper.xcdatamodel; path = Message.xcdatamodel; sourceTree = "<group>"; };
		049EA389258B6F48008885F6 /* Assets.xcassets */ = {isa = PBXFileReference; lastKnownFileType = folder.assetcatalog; path = Assets.xcassets; sourceTree = "<group>"; };
		049EA38C258B6F48008885F6 /* Base */ = {isa = PBXFileReference; lastKnownFileType = file.storyboard; name = Base; path = Base.lproj/LaunchScreen.storyboard; sourceTree = "<group>"; };
		049EA38E258B6F48008885F6 /* Info.plist */ = {isa = PBXFileReference; lastKnownFileType = text.plist.xml; path = Info.plist; sourceTree = "<group>"; };
		049EA399258B7CF1008885F6 /* ChatViewController.swift */ = {isa = PBXFileReference; lastKnownFileType = sourcecode.swift; path = ChatViewController.swift; sourceTree = "<group>"; };
/* End PBXFileReference section */

/* Begin PBXFrameworksBuildPhase section */
		049EA377258B6F46008885F6 /* Frameworks */ = {
			isa = PBXFrameworksBuildPhase;
			buildActionMask = 2147483647;
			files = (
				049EA397258B70C3008885F6 /* MessageKit in Frameworks */,
			);
			runOnlyForDeploymentPostprocessing = 0;
		};
/* End PBXFrameworksBuildPhase section */

/* Begin PBXGroup section */
		049EA371258B6F46008885F6 = {
			isa = PBXGroup;
			children = (
				049EA37C258B6F46008885F6 /* Message */,
				049EA37B258B6F46008885F6 /* Products */,
			);
			sourceTree = "<group>";
		};
		049EA37B258B6F46008885F6 /* Products */ = {
			isa = PBXGroup;
			children = (
				049EA37A258B6F46008885F6 /* Message.app */,
			);
			name = Products;
			sourceTree = "<group>";
		};
		049EA37C258B6F46008885F6 /* Message */ = {
			isa = PBXGroup;
			children = (
				049EA37D258B6F46008885F6 /* AppDelegate.swift */,
				049EA37F258B6F46008885F6 /* SceneDelegate.swift */,
				049EA381258B6F46008885F6 /* ViewController.swift */,
				049EA399258B7CF1008885F6 /* ChatViewController.swift */,
				049EA383258B6F46008885F6 /* Main.storyboard */,
				049EA389258B6F48008885F6 /* Assets.xcassets */,
				049EA38B258B6F48008885F6 /* LaunchScreen.storyboard */,
				049EA38E258B6F48008885F6 /* Info.plist */,
				049EA386258B6F46008885F6 /* Message.xcdatamodeld */,
			);
			path = Message;
			sourceTree = "<group>";
		};
/* End PBXGroup section */

/* Begin PBXNativeTarget section */
		049EA379258B6F46008885F6 /* Message */ = {
			isa = PBXNativeTarget;
			buildConfigurationList = 049EA391258B6F48008885F6 /* Build configuration list for PBXNativeTarget "Message" */;
			buildPhases = (
				049EA376258B6F46008885F6 /* Sources */,
				049EA377258B6F46008885F6 /* Frameworks */,
				049EA378258B6F46008885F6 /* Resources */,
			);
			buildRules = (
			);
			dependencies = (
			);
			name = Message;
			packageProductDependencies = (
				049EA396258B70C3008885F6 /* MessageKit */,
			);
			productName = Message;
			productReference = 049EA37A258B6F46008885F6 /* Message.app */;
			productType = "com.apple.product-type.application";
		};
/* End PBXNativeTarget section */

/* Begin PBXProject section */
		049EA372258B6F46008885F6 /* Project object */ = {
			isa = PBXProject;
			attributes = {
				LastSwiftUpdateCheck = 1220;
				LastUpgradeCheck = 1220;
				TargetAttributes = {
					049EA379258B6F46008885F6 = {
						CreatedOnToolsVersion = 12.2;
					};
				};
			};
			buildConfigurationList = 049EA375258B6F46008885F6 /* Build configuration list for PBXProject "Message" */;
			compatibilityVersion = "Xcode 9.3";
			developmentRegion = en;
			hasScannedForEncodings = 0;
			knownRegions = (
				en,
				Base,
			);
			mainGroup = 049EA371258B6F46008885F6;
			packageReferences = (
				049EA395258B70C3008885F6 /* XCRemoteSwiftPackageReference "MessageKit" */,
			);
			productRefGroup = 049EA37B258B6F46008885F6 /* Products */;
			projectDirPath = "";
			projectRoot = "";
			targets = (
				049EA379258B6F46008885F6 /* Message */,
			);
		};
/* End PBXProject section */

/* Begin PBXResourcesBuildPhase section */
		049EA378258B6F46008885F6 /* Resources */ = {
			isa = PBXResourcesBuildPhase;
			buildActionMask = 2147483647;
			files = (
				049EA38D258B6F48008885F6 /* LaunchScreen.storyboard in Resources */,
				049EA38A258B6F48008885F6 /* Assets.xcassets in Resources */,
				049EA385258B6F46008885F6 /* Main.storyboard in Resources */,
			);
			runOnlyForDeploymentPostprocessing = 0;
		};
/* End PBXResourcesBuildPhase section */

/* Begin PBXSourcesBuildPhase section */
		049EA376258B6F46008885F6 /* Sources */ = {
			isa = PBXSourcesBuildPhase;
			buildActionMask = 2147483647;
			files = (
				049EA382258B6F46008885F6 /* ViewController.swift in Sources */,
				049EA388258B6F46008885F6 /* Message.xcdatamodeld in Sources */,
				049EA37E258B6F46008885F6 /* AppDelegate.swift in Sources */,
				049EA39A258B7CF1008885F6 /* ChatViewController.swift in Sources */,
				049EA380258B6F46008885F6 /* SceneDelegate.swift in Sources */,
			);
			runOnlyForDeploymentPostprocessing = 0;
		};
/* End PBXSourcesBuildPhase section */

/* Begin PBXVariantGroup section */
		049EA383258B6F46008885F6 /* Main.storyboard */ = {
			isa = PBXVariantGroup;
			children = (
				049EA384258B6F46008885F6 /* Base */,
			);
			name = Main.storyboard;
			sourceTree = "<group>";
		};
		049EA38B258B6F48008885F6 /* LaunchScreen.storyboard */ = {
			isa = PBXVariantGroup;
			children = (
				049EA38C258B6F48008885F6 /* Base */,
			);
			name = LaunchScreen.storyboard;
			sourceTree = "<group>";
		};
/* End PBXVariantGroup section */

/* Begin XCBuildConfiguration section */
		049EA38F258B6F48008885F6 /* Debug */ = {
			isa = XCBuildConfiguration;
			buildSettings = {
				ALWAYS_SEARCH_USER_PATHS = NO;
				CLANG_ANALYZER_NONNULL = YES;
				CLANG_ANALYZER_NUMBER_OBJECT_CONVERSION = YES_AGGRESSIVE;
				CLANG_CXX_LANGUAGE_STANDARD = "gnu++14";
				CLANG_CXX_LIBRARY = "libc++";
				CLANG_ENABLE_MODULES = YES;
				CLANG_ENABLE_OBJC_ARC = YES;
				CLANG_ENABLE_OBJC_WEAK = YES;
				CLANG_WARN_BLOCK_CAPTURE_AUTORELEASING = YES;
				CLANG_WARN_BOOL_CONVERSION = YES;
				CLANG_WARN_COMMA = YES;
				CLANG_WARN_CONSTANT_CONVERSION = YES;
				CLANG_WARN_DEPRECATED_OBJC_IMPLEMENTATIONS = YES;
				CLANG_WARN_DIRECT_OBJC_ISA_USAGE = YES_ERROR;
				CLANG_WARN_DOCUMENTATION_COMMENTS = YES;
				CLANG_WARN_EMPTY_BODY = YES;
				CLANG_WARN_ENUM_CONVERSION = YES;
				CLANG_WARN_INFINITE_RECURSION = YES;
				CLANG_WARN_INT_CONVERSION = YES;
				CLANG_WARN_NON_LITERAL_NULL_CONVERSION = YES;
				CLANG_WARN_OBJC_IMPLICIT_RETAIN_SELF = YES;
				CLANG_WARN_OBJC_LITERAL_CONVERSION = YES;
				CLANG_WARN_OBJC_ROOT_CLASS = YES_ERROR;
				CLANG_WARN_QUOTED_INCLUDE_IN_FRAMEWORK_HEADER = YES;
				CLANG_WARN_RANGE_LOOP_ANALYSIS = YES;
				CLANG_WARN_STRICT_PROTOTYPES = YES;
				CLANG_WARN_SUSPICIOUS_MOVE = YES;
				CLANG_WARN_UNGUARDED_AVAILABILITY = YES_AGGRESSIVE;
				CLANG_WARN_UNREACHABLE_CODE = YES;
				CLANG_WARN__DUPLICATE_METHOD_MATCH = YES;
				COPY_PHASE_STRIP = NO;
				DEBUG_INFORMATION_FORMAT = dwarf;
				ENABLE_STRICT_OBJC_MSGSEND = YES;
				ENABLE_TESTABILITY = YES;
				GCC_C_LANGUAGE_STANDARD = gnu11;
				GCC_DYNAMIC_NO_PIC = NO;
				GCC_NO_COMMON_BLOCKS = YES;
				GCC_OPTIMIZATION_LEVEL = 0;
				GCC_PREPROCESSOR_DEFINITIONS = (
					"DEBUG=1",
					"$(inherited)",
				);
				GCC_WARN_64_TO_32_BIT_CONVERSION = YES;
				GCC_WARN_ABOUT_RETURN_TYPE = YES_ERROR;
				GCC_WARN_UNDECLARED_SELECTOR = YES;
				GCC_WARN_UNINITIALIZED_AUTOS = YES_AGGRESSIVE;
				GCC_WARN_UNUSED_FUNCTION = YES;
				GCC_WARN_UNUSED_VARIABLE = YES;
				IPHONEOS_DEPLOYMENT_TARGET = 14.2;
				MTL_ENABLE_DEBUG_INFO = INCLUDE_SOURCE;
				MTL_FAST_MATH = YES;
				ONLY_ACTIVE_ARCH = YES;
				SDKROOT = iphoneos;
				SWIFT_ACTIVE_COMPILATION_CONDITIONS = DEBUG;
				SWIFT_OPTIMIZATION_LEVEL = "-Onone";
			};
			name = Debug;
		};
		049EA390258B6F48008885F6 /* Release */ = {
			isa = XCBuildConfiguration;
			buildSettings = {
				ALWAYS_SEARCH_USER_PATHS = NO;
				CLANG_ANALYZER_NONNULL = YES;
				CLANG_ANALYZER_NUMBER_OBJECT_CONVERSION = YES_AGGRESSIVE;
				CLANG_CXX_LANGUAGE_STANDARD = "gnu++14";
				CLANG_CXX_LIBRARY = "libc++";
				CLANG_ENABLE_MODULES = YES;
				CLANG_ENABLE_OBJC_ARC = YES;
				CLANG_ENABLE_OBJC_WEAK = YES;
				CLANG_WARN_BLOCK_CAPTURE_AUTORELEASING = YES;
				CLANG_WARN_BOOL_CONVERSION = YES;
				CLANG_WARN_COMMA = YES;
				CLANG_WARN_CONSTANT_CONVERSION = YES;
				CLANG_WARN_DEPRECATED_OBJC_IMPLEMENTATIONS = YES;
				CLANG_WARN_DIRECT_OBJC_ISA_USAGE = YES_ERROR;
				CLANG_WARN_DOCUMENTATION_COMMENTS = YES;
				CLANG_WARN_EMPTY_BODY = YES;
				CLANG_WARN_ENUM_CONVERSION = YES;
				CLANG_WARN_INFINITE_RECURSION = YES;
				CLANG_WARN_INT_CONVERSION = YES;
				CLANG_WARN_NON_LITERAL_NULL_CONVERSION = YES;
				CLANG_WARN_OBJC_IMPLICIT_RETAIN_SELF = YES;
				CLANG_WARN_OBJC_LITERAL_CONVERSION = YES;
				CLANG_WARN_OBJC_ROOT_CLASS = YES_ERROR;
				CLANG_WARN_QUOTED_INCLUDE_IN_FRAMEWORK_HEADER = YES;
				CLANG_WARN_RANGE_LOOP_ANALYSIS = YES;
				CLANG_WARN_STRICT_PROTOTYPES = YES;
				CLANG_WARN_SUSPICIOUS_MOVE = YES;
				CLANG_WARN_UNGUARDED_AVAILABILITY = YES_AGGRESSIVE;
				CLANG_WARN_UNREACHABLE_CODE = YES;
				CLANG_WARN__DUPLICATE_METHOD_MATCH = YES;
				COPY_PHASE_STRIP = NO;
				DEBUG_INFORMATION_FORMAT = "dwarf-with-dsym";
				ENABLE_NS_ASSERTIONS = NO;
				ENABLE_STRICT_OBJC_MSGSEND = YES;
				GCC_C_LANGUAGE_STANDARD = gnu11;
				GCC_NO_COMMON_BLOCKS = YES;
				GCC_WARN_64_TO_32_BIT_CONVERSION = YES;
				GCC_WARN_ABOUT_RETURN_TYPE = YES_ERROR;
				GCC_WARN_UNDECLARED_SELECTOR = YES;
				GCC_WARN_UNINITIALIZED_AUTOS = YES_AGGRESSIVE;
				GCC_WARN_UNUSED_FUNCTION = YES;
				GCC_WARN_UNUSED_VARIABLE = YES;
				IPHONEOS_DEPLOYMENT_TARGET = 14.2;
				MTL_ENABLE_DEBUG_INFO = NO;
				MTL_FAST_MATH = YES;
				SDKROOT = iphoneos;
				SWIFT_COMPILATION_MODE = wholemodule;
				SWIFT_OPTIMIZATION_LEVEL = "-O";
				VALIDATE_PRODUCT = YES;
			};
			name = Release;
		};
		049EA392258B6F48008885F6 /* Debug */ = {
			isa = XCBuildConfiguration;
			buildSettings = {
				ASSETCATALOG_COMPILER_APPICON_NAME = AppIcon;
				ASSETCATALOG_COMPILER_GLOBAL_ACCENT_COLOR_NAME = AccentColor;
				CODE_SIGN_STYLE = Automatic;
				DEVELOPMENT_TEAM = LJW2898BYW;
				INFOPLIST_FILE = Message/Info.plist;
				LD_RUNPATH_SEARCH_PATHS = (
					"$(inherited)",
					"@executable_path/Frameworks",
				);
				PRODUCT_BUNDLE_IDENTIFIER = kr.co.juwon.Message;
				PRODUCT_NAME = "$(TARGET_NAME)";
				SWIFT_VERSION = 5.0;
				TARGETED_DEVICE_FAMILY = "1,2";
			};
			name = Debug;
		};
		049EA393258B6F48008885F6 /* Release */ = {
			isa = XCBuildConfiguration;
			buildSettings = {
				ASSETCATALOG_COMPILER_APPICON_NAME = AppIcon;
				ASSETCATALOG_COMPILER_GLOBAL_ACCENT_COLOR_NAME = AccentColor;
				CODE_SIGN_STYLE = Automatic;
				DEVELOPMENT_TEAM = LJW2898BYW;
				INFOPLIST_FILE = Message/Info.plist;
				LD_RUNPATH_SEARCH_PATHS = (
					"$(inherited)",
					"@executable_path/Frameworks",
				);
				PRODUCT_BUNDLE_IDENTIFIER = kr.co.juwon.Message;
				PRODUCT_NAME = "$(TARGET_NAME)";
				SWIFT_VERSION = 5.0;
				TARGETED_DEVICE_FAMILY = "1,2";
			};
			name = Release;
		};
/* End XCBuildConfiguration section */

/* Begin XCConfigurationList section */
		049EA375258B6F46008885F6 /* Build configuration list for PBXProject "Message" */ = {
			isa = XCConfigurationList;
			buildConfigurations = (
				049EA38F258B6F48008885F6 /* Debug */,
				049EA390258B6F48008885F6 /* Release */,
			);
			defaultConfigurationIsVisible = 0;
			defaultConfigurationName = Release;
		};
		049EA391258B6F48008885F6 /* Build configuration list for PBXNativeTarget "Message" */ = {
			isa = XCConfigurationList;
			buildConfigurations = (
				049EA392258B6F48008885F6 /* Debug */,
				049EA393258B6F48008885F6 /* Release */,
			);
			defaultConfigurationIsVisible = 0;
			defaultConfigurationName = Release;
		};
/* End XCConfigurationList section */

/* Begin XCRemoteSwiftPackageReference section */
		049EA395258B70C3008885F6 /* XCRemoteSwiftPackageReference "MessageKit" */ = {
			isa = XCRemoteSwiftPackageReference;
			repositoryURL = "https://github.com/MessageKit/MessageKit";
			requirement = {
				kind = upToNextMajorVersion;
				minimumVersion = 3.4.2;
			};
		};
/* End XCRemoteSwiftPackageReference section */

/* Begin XCSwiftPackageProductDependency section */
		049EA396258B70C3008885F6 /* MessageKit */ = {
			isa = XCSwiftPackageProductDependency;
			package = 049EA395258B70C3008885F6 /* XCRemoteSwiftPackageReference "MessageKit" */;
			productName = MessageKit;
		};
/* End XCSwiftPackageProductDependency section */

/* Begin XCVersionGroup section */
		049EA386258B6F46008885F6 /* Message.xcdatamodeld */ = {
			isa = XCVersionGroup;
			children = (
				049EA387258B6F46008885F6 /* Message.xcdatamodel */,
			);
			currentVersion = 049EA387258B6F46008885F6 /* Message.xcdatamodel */;
			path = Message.xcdatamodeld;
			sourceTree = "<group>";
			versionGroupType = wrapper.xcdatamodel;
		};
/* End XCVersionGroup section */
	};
	rootObject = 049EA372258B6F46008885F6 /* Project object */;
}
