// !$*UTF8*$!
{
	archiveVersion = 1;
	classes = {
	};
	objectVersion = 50;
	objects = {

/* Begin PBXBuildFile section */
		04285AB724F2DD67003D6259 /* tableviewTests.swift in Sources */ = {isa = PBXBuildFile; fileRef = 04285AAF24F2DD07003D6259 /* tableviewTests.swift */; };
		04A83B2324F2CDDD0088712D /* AppDelegate.swift in Sources */ = {isa = PBXBuildFile; fileRef = 04A83B2224F2CDDD0088712D /* AppDelegate.swift */; };
		04A83B2524F2CDDD0088712D /* SceneDelegate.swift in Sources */ = {isa = PBXBuildFile; fileRef = 04A83B2424F2CDDD0088712D /* SceneDelegate.swift */; };
		04A83B2724F2CDDD0088712D /* ViewController.swift in Sources */ = {isa = PBXBuildFile; fileRef = 04A83B2624F2CDDD0088712D /* ViewController.swift */; };
		04A83B2A24F2CDDD0088712D /* Main.storyboard in Resources */ = {isa = PBXBuildFile; fileRef = 04A83B2824F2CDDD0088712D /* Main.storyboard */; };
		04A83B2C24F2CDDE0088712D /* Assets.xcassets in Resources */ = {isa = PBXBuildFile; fileRef = 04A83B2B24F2CDDE0088712D /* Assets.xcassets */; };
		04A83B2F24F2CDDE0088712D /* LaunchScreen.storyboard in Resources */ = {isa = PBXBuildFile; fileRef = 04A83B2D24F2CDDE0088712D /* LaunchScreen.storyboard */; };
		04A83B4524F2CDDE0088712D /* tableviewUITests.swift in Sources */ = {isa = PBXBuildFile; fileRef = 04A83B4424F2CDDE0088712D /* tableviewUITests.swift */; };
/* End PBXBuildFile section */

/* Begin PBXContainerItemProxy section */
		04285AB224F2DD07003D6259 /* PBXContainerItemProxy */ = {
			isa = PBXContainerItemProxy;
			containerPortal = 04A83B1724F2CDDD0088712D /* Project object */;
			proxyType = 1;
			remoteGlobalIDString = 04A83B1E24F2CDDD0088712D;
			remoteInfo = tableview;
		};
		04A83B4124F2CDDE0088712D /* PBXContainerItemProxy */ = {
			isa = PBXContainerItemProxy;
			containerPortal = 04A83B1724F2CDDD0088712D /* Project object */;
			proxyType = 1;
			remoteGlobalIDString = 04A83B1E24F2CDDD0088712D;
			remoteInfo = tableview;
		};
/* End PBXContainerItemProxy section */

/* Begin PBXFileReference section */
		04285AAD24F2DD07003D6259 /* tableviewTests.xctest */ = {isa = PBXFileReference; explicitFileType = wrapper.cfbundle; includeInIndex = 0; path = tableviewTests.xctest; sourceTree = BUILT_PRODUCTS_DIR; };
		04285AAF24F2DD07003D6259 /* tableviewTests.swift */ = {isa = PBXFileReference; lastKnownFileType = sourcecode.swift; path = tableviewTests.swift; sourceTree = "<group>"; };
		04285AB124F2DD07003D6259 /* Info.plist */ = {isa = PBXFileReference; lastKnownFileType = text.plist.xml; path = Info.plist; sourceTree = "<group>"; };
		04A83B1F24F2CDDD0088712D /* tableview.app */ = {isa = PBXFileReference; explicitFileType = wrapper.application; includeInIndex = 0; path = tableview.app; sourceTree = BUILT_PRODUCTS_DIR; };
		04A83B2224F2CDDD0088712D /* AppDelegate.swift */ = {isa = PBXFileReference; lastKnownFileType = sourcecode.swift; path = AppDelegate.swift; sourceTree = "<group>"; };
		04A83B2424F2CDDD0088712D /* SceneDelegate.swift */ = {isa = PBXFileReference; lastKnownFileType = sourcecode.swift; path = SceneDelegate.swift; sourceTree = "<group>"; };
		04A83B2624F2CDDD0088712D /* ViewController.swift */ = {isa = PBXFileReference; lastKnownFileType = sourcecode.swift; path = ViewController.swift; sourceTree = "<group>"; };
		04A83B2924F2CDDD0088712D /* Base */ = {isa = PBXFileReference; lastKnownFileType = file.storyboard; name = Base; path = Base.lproj/Main.storyboard; sourceTree = "<group>"; };
		04A83B2B24F2CDDE0088712D /* Assets.xcassets */ = {isa = PBXFileReference; lastKnownFileType = folder.assetcatalog; path = Assets.xcassets; sourceTree = "<group>"; };
		04A83B2E24F2CDDE0088712D /* Base */ = {isa = PBXFileReference; lastKnownFileType = file.storyboard; name = Base; path = Base.lproj/LaunchScreen.storyboard; sourceTree = "<group>"; };
		04A83B3024F2CDDE0088712D /* Info.plist */ = {isa = PBXFileReference; lastKnownFileType = text.plist.xml; path = Info.plist; sourceTree = "<group>"; };
		04A83B4024F2CDDE0088712D /* tableviewUITests.xctest */ = {isa = PBXFileReference; explicitFileType = wrapper.cfbundle; includeInIndex = 0; path = tableviewUITests.xctest; sourceTree = BUILT_PRODUCTS_DIR; };
		04A83B4424F2CDDE0088712D /* tableviewUITests.swift */ = {isa = PBXFileReference; lastKnownFileType = sourcecode.swift; path = tableviewUITests.swift; sourceTree = "<group>"; };
		04A83B4624F2CDDE0088712D /* Info.plist */ = {isa = PBXFileReference; lastKnownFileType = text.plist.xml; path = Info.plist; sourceTree = "<group>"; };
/* End PBXFileReference section */

/* Begin PBXFrameworksBuildPhase section */
		04285AAA24F2DD07003D6259 /* Frameworks */ = {
			isa = PBXFrameworksBuildPhase;
			buildActionMask = 2147483647;
			files = (
			);
			runOnlyForDeploymentPostprocessing = 0;
		};
		04A83B1C24F2CDDD0088712D /* Frameworks */ = {
			isa = PBXFrameworksBuildPhase;
			buildActionMask = 2147483647;
			files = (
			);
			runOnlyForDeploymentPostprocessing = 0;
		};
		04A83B3D24F2CDDE0088712D /* Frameworks */ = {
			isa = PBXFrameworksBuildPhase;
			buildActionMask = 2147483647;
			files = (
			);
			runOnlyForDeploymentPostprocessing = 0;
		};
/* End PBXFrameworksBuildPhase section */

/* Begin PBXGroup section */
		04285AAE24F2DD07003D6259 /* tableviewTests */ = {
			isa = PBXGroup;
			children = (
				04285AAF24F2DD07003D6259 /* tableviewTests.swift */,
				04285AB124F2DD07003D6259 /* Info.plist */,
			);
			path = tableviewTests;
			sourceTree = "<group>";
		};
		04A83B1624F2CDDD0088712D = {
			isa = PBXGroup;
			children = (
				04A83B2124F2CDDD0088712D /* tableview */,
				04A83B4324F2CDDE0088712D /* tableviewUITests */,
				04285AAE24F2DD07003D6259 /* tableviewTests */,
				04A83B2024F2CDDD0088712D /* Products */,
			);
			sourceTree = "<group>";
		};
		04A83B2024F2CDDD0088712D /* Products */ = {
			isa = PBXGroup;
			children = (
				04A83B1F24F2CDDD0088712D /* tableview.app */,
				04A83B4024F2CDDE0088712D /* tableviewUITests.xctest */,
				04285AAD24F2DD07003D6259 /* tableviewTests.xctest */,
			);
			name = Products;
			sourceTree = "<group>";
		};
		04A83B2124F2CDDD0088712D /* tableview */ = {
			isa = PBXGroup;
			children = (
				04A83B2224F2CDDD0088712D /* AppDelegate.swift */,
				04A83B2424F2CDDD0088712D /* SceneDelegate.swift */,
				04A83B2624F2CDDD0088712D /* ViewController.swift */,
				04A83B2824F2CDDD0088712D /* Main.storyboard */,
				04A83B2B24F2CDDE0088712D /* Assets.xcassets */,
				04A83B2D24F2CDDE0088712D /* LaunchScreen.storyboard */,
				04A83B3024F2CDDE0088712D /* Info.plist */,
			);
			path = tableview;
			sourceTree = "<group>";
		};
		04A83B4324F2CDDE0088712D /* tableviewUITests */ = {
			isa = PBXGroup;
			children = (
				04A83B4424F2CDDE0088712D /* tableviewUITests.swift */,
				04A83B4624F2CDDE0088712D /* Info.plist */,
			);
			path = tableviewUITests;
			sourceTree = "<group>";
		};
/* End PBXGroup section */

/* Begin PBXNativeTarget section */
		04285AAC24F2DD07003D6259 /* tableviewTests */ = {
			isa = PBXNativeTarget;
			buildConfigurationList = 04285AB424F2DD07003D6259 /* Build configuration list for PBXNativeTarget "tableviewTests" */;
			buildPhases = (
				04285AA924F2DD07003D6259 /* Sources */,
				04285AAA24F2DD07003D6259 /* Frameworks */,
				04285AAB24F2DD07003D6259 /* Resources */,
			);
			buildRules = (
			);
			dependencies = (
				04285AB324F2DD07003D6259 /* PBXTargetDependency */,
			);
			name = tableviewTests;
			productName = tableviewTests;
			productReference = 04285AAD24F2DD07003D6259 /* tableviewTests.xctest */;
			productType = "com.apple.product-type.bundle.unit-test";
		};
		04A83B1E24F2CDDD0088712D /* tableview */ = {
			isa = PBXNativeTarget;
			buildConfigurationList = 04A83B4924F2CDDE0088712D /* Build configuration list for PBXNativeTarget "tableview" */;
			buildPhases = (
				04A83B1B24F2CDDD0088712D /* Sources */,
				04A83B1C24F2CDDD0088712D /* Frameworks */,
				04A83B1D24F2CDDD0088712D /* Resources */,
			);
			buildRules = (
			);
			dependencies = (
			);
			name = tableview;
			productName = tableview;
			productReference = 04A83B1F24F2CDDD0088712D /* tableview.app */;
			productType = "com.apple.product-type.application";
		};
		04A83B3F24F2CDDE0088712D /* tableviewUITests */ = {
			isa = PBXNativeTarget;
			buildConfigurationList = 04A83B4F24F2CDDE0088712D /* Build configuration list for PBXNativeTarget "tableviewUITests" */;
			buildPhases = (
				04A83B3C24F2CDDE0088712D /* Sources */,
				04A83B3D24F2CDDE0088712D /* Frameworks */,
				04A83B3E24F2CDDE0088712D /* Resources */,
			);
			buildRules = (
			);
			dependencies = (
				04A83B4224F2CDDE0088712D /* PBXTargetDependency */,
			);
			name = tableviewUITests;
			productName = tableviewUITests;
			productReference = 04A83B4024F2CDDE0088712D /* tableviewUITests.xctest */;
			productType = "com.apple.product-type.bundle.ui-testing";
		};
/* End PBXNativeTarget section */

/* Begin PBXProject section */
		04A83B1724F2CDDD0088712D /* Project object */ = {
			isa = PBXProject;
			attributes = {
				LastSwiftUpdateCheck = 1160;
				LastUpgradeCheck = 1160;
				ORGANIZATIONNAME = "문주원";
				TargetAttributes = {
					04285AAC24F2DD07003D6259 = {
						CreatedOnToolsVersion = 11.6;
						TestTargetID = 04A83B1E24F2CDDD0088712D;
					};
					04A83B1E24F2CDDD0088712D = {
						CreatedOnToolsVersion = 11.6;
					};
					04A83B3F24F2CDDE0088712D = {
						CreatedOnToolsVersion = 11.6;
						TestTargetID = 04A83B1E24F2CDDD0088712D;
					};
				};
			};
			buildConfigurationList = 04A83B1A24F2CDDD0088712D /* Build configuration list for PBXProject "tableview" */;
			compatibilityVersion = "Xcode 9.3";
			developmentRegion = en;
			hasScannedForEncodings = 0;
			knownRegions = (
				en,
				Base,
			);
			mainGroup = 04A83B1624F2CDDD0088712D;
			productRefGroup = 04A83B2024F2CDDD0088712D /* Products */;
			projectDirPath = "";
			projectRoot = "";
			targets = (
				04A83B1E24F2CDDD0088712D /* tableview */,
				04A83B3F24F2CDDE0088712D /* tableviewUITests */,
				04285AAC24F2DD07003D6259 /* tableviewTests */,
			);
		};
/* End PBXProject section */

/* Begin PBXResourcesBuildPhase section */
		04285AAB24F2DD07003D6259 /* Resources */ = {
			isa = PBXResourcesBuildPhase;
			buildActionMask = 2147483647;
			files = (
			);
			runOnlyForDeploymentPostprocessing = 0;
		};
		04A83B1D24F2CDDD0088712D /* Resources */ = {
			isa = PBXResourcesBuildPhase;
			buildActionMask = 2147483647;
			files = (
				04A83B2F24F2CDDE0088712D /* LaunchScreen.storyboard in Resources */,
				04A83B2C24F2CDDE0088712D /* Assets.xcassets in Resources */,
				04A83B2A24F2CDDD0088712D /* Main.storyboard in Resources */,
			);
			runOnlyForDeploymentPostprocessing = 0;
		};
		04A83B3E24F2CDDE0088712D /* Resources */ = {
			isa = PBXResourcesBuildPhase;
			buildActionMask = 2147483647;
			files = (
			);
			runOnlyForDeploymentPostprocessing = 0;
		};
/* End PBXResourcesBuildPhase section */

/* Begin PBXSourcesBuildPhase section */
		04285AA924F2DD07003D6259 /* Sources */ = {
			isa = PBXSourcesBuildPhase;
			buildActionMask = 2147483647;
			files = (
				04285AB724F2DD67003D6259 /* tableviewTests.swift in Sources */,
			);
			runOnlyForDeploymentPostprocessing = 0;
		};
		04A83B1B24F2CDDD0088712D /* Sources */ = {
			isa = PBXSourcesBuildPhase;
			buildActionMask = 2147483647;
			files = (
				04A83B2724F2CDDD0088712D /* ViewController.swift in Sources */,
				04A83B2324F2CDDD0088712D /* AppDelegate.swift in Sources */,
				04A83B2524F2CDDD0088712D /* SceneDelegate.swift in Sources */,
			);
			runOnlyForDeploymentPostprocessing = 0;
		};
		04A83B3C24F2CDDE0088712D /* Sources */ = {
			isa = PBXSourcesBuildPhase;
			buildActionMask = 2147483647;
			files = (
				04A83B4524F2CDDE0088712D /* tableviewUITests.swift in Sources */,
			);
			runOnlyForDeploymentPostprocessing = 0;
		};
/* End PBXSourcesBuildPhase section */

/* Begin PBXTargetDependency section */
		04285AB324F2DD07003D6259 /* PBXTargetDependency */ = {
			isa = PBXTargetDependency;
			target = 04A83B1E24F2CDDD0088712D /* tableview */;
			targetProxy = 04285AB224F2DD07003D6259 /* PBXContainerItemProxy */;
		};
		04A83B4224F2CDDE0088712D /* PBXTargetDependency */ = {
			isa = PBXTargetDependency;
			target = 04A83B1E24F2CDDD0088712D /* tableview */;
			targetProxy = 04A83B4124F2CDDE0088712D /* PBXContainerItemProxy */;
		};
/* End PBXTargetDependency section */

/* Begin PBXVariantGroup section */
		04A83B2824F2CDDD0088712D /* Main.storyboard */ = {
			isa = PBXVariantGroup;
			children = (
				04A83B2924F2CDDD0088712D /* Base */,
			);
			name = Main.storyboard;
			sourceTree = "<group>";
		};
		04A83B2D24F2CDDE0088712D /* LaunchScreen.storyboard */ = {
			isa = PBXVariantGroup;
			children = (
				04A83B2E24F2CDDE0088712D /* Base */,
			);
			name = LaunchScreen.storyboard;
			sourceTree = "<group>";
		};
/* End PBXVariantGroup section */

/* Begin XCBuildConfiguration section */
		04285AB524F2DD07003D6259 /* Debug */ = {
			isa = XCBuildConfiguration;
			buildSettings = {
				BUNDLE_LOADER = "$(TEST_HOST)";
				CODE_SIGN_STYLE = Automatic;
				DEVELOPMENT_TEAM = LJW2898BYW;
				INFOPLIST_FILE = tableviewTests/Info.plist;
				LD_RUNPATH_SEARCH_PATHS = (
					"$(inherited)",
					"@executable_path/Frameworks",
					"@loader_path/Frameworks",
				);
				PRODUCT_BUNDLE_IDENTIFIER = juwon.tableviewTests;
				PRODUCT_NAME = "$(TARGET_NAME)";
				SWIFT_VERSION = 5.0;
				TARGETED_DEVICE_FAMILY = "1,2";
				TEST_HOST = "$(BUILT_PRODUCTS_DIR)/tableview.app/tableview";
			};
			name = Debug;
		};
		04285AB624F2DD07003D6259 /* Release */ = {
			isa = XCBuildConfiguration;
			buildSettings = {
				BUNDLE_LOADER = "$(TEST_HOST)";
				CODE_SIGN_STYLE = Automatic;
				DEVELOPMENT_TEAM = LJW2898BYW;
				INFOPLIST_FILE = tableviewTests/Info.plist;
				LD_RUNPATH_SEARCH_PATHS = (
					"$(inherited)",
					"@executable_path/Frameworks",
					"@loader_path/Frameworks",
				);
				PRODUCT_BUNDLE_IDENTIFIER = juwon.tableviewTests;
				PRODUCT_NAME = "$(TARGET_NAME)";
				SWIFT_VERSION = 5.0;
				TARGETED_DEVICE_FAMILY = "1,2";
				TEST_HOST = "$(BUILT_PRODUCTS_DIR)/tableview.app/tableview";
			};
			name = Release;
		};
		04A83B4724F2CDDE0088712D /* Debug */ = {
			isa = XCBuildConfiguration;
			buildSettings = {
				ALWAYS_SEARCH_USER_PATHS = NO;
				CLANG_ANALYZER_NONNULL = YES;
				CLANG_ANALYZER_NUMBER_OBJECT_CONVERSION = YES_AGGRESSIVE;
				CLANG_CXX_LANGUAGE_STANDARD = "gnu++14";
				CLANG_CXX_LIBRARY = "libc++";
				CLANG_ENABLE_MODULES = YES;
				CLANG_ENABLE_OBJC_ARC = YES;
				CLANG_ENABLE_OBJC_WEAK = YES;
				CLANG_WARN_BLOCK_CAPTURE_AUTORELEASING = YES;
				CLANG_WARN_BOOL_CONVERSION = YES;
				CLANG_WARN_COMMA = YES;
				CLANG_WARN_CONSTANT_CONVERSION = YES;
				CLANG_WARN_DEPRECATED_OBJC_IMPLEMENTATIONS = YES;
				CLANG_WARN_DIRECT_OBJC_ISA_USAGE = YES_ERROR;
				CLANG_WARN_DOCUMENTATION_COMMENTS = YES;
				CLANG_WARN_EMPTY_BODY = YES;
				CLANG_WARN_ENUM_CONVERSION = YES;
				CLANG_WARN_INFINITE_RECURSION = YES;
				CLANG_WARN_INT_CONVERSION = YES;
				CLANG_WARN_NON_LITERAL_NULL_CONVERSION = YES;
				CLANG_WARN_OBJC_IMPLICIT_RETAIN_SELF = YES;
				CLANG_WARN_OBJC_LITERAL_CONVERSION = YES;
				CLANG_WARN_OBJC_ROOT_CLASS = YES_ERROR;
				CLANG_WARN_RANGE_LOOP_ANALYSIS = YES;
				CLANG_WARN_STRICT_PROTOTYPES = YES;
				CLANG_WARN_SUSPICIOUS_MOVE = YES;
				CLANG_WARN_UNGUARDED_AVAILABILITY = YES_AGGRESSIVE;
				CLANG_WARN_UNREACHABLE_CODE = YES;
				CLANG_WARN__DUPLICATE_METHOD_MATCH = YES;
				COPY_PHASE_STRIP = NO;
				DEBUG_INFORMATION_FORMAT = dwarf;
				ENABLE_STRICT_OBJC_MSGSEND = YES;
				ENABLE_TESTABILITY = YES;
				GCC_C_LANGUAGE_STANDARD = gnu11;
				GCC_DYNAMIC_NO_PIC = NO;
				GCC_NO_COMMON_BLOCKS = YES;
				GCC_OPTIMIZATION_LEVEL = 0;
				GCC_PREPROCESSOR_DEFINITIONS = (
					"DEBUG=1",
					"$(inherited)",
				);
				GCC_WARN_64_TO_32_BIT_CONVERSION = YES;
				GCC_WARN_ABOUT_RETURN_TYPE = YES_ERROR;
				GCC_WARN_UNDECLARED_SELECTOR = YES;
				GCC_WARN_UNINITIALIZED_AUTOS = YES_AGGRESSIVE;
				GCC_WARN_UNUSED_FUNCTION = YES;
				GCC_WARN_UNUSED_VARIABLE = YES;
				IPHONEOS_DEPLOYMENT_TARGET = 13.6;
				MTL_ENABLE_DEBUG_INFO = INCLUDE_SOURCE;
				MTL_FAST_MATH = YES;
				ONLY_ACTIVE_ARCH = YES;
				SDKROOT = iphoneos;
				SWIFT_ACTIVE_COMPILATION_CONDITIONS = DEBUG;
				SWIFT_OPTIMIZATION_LEVEL = "-Onone";
			};
			name = Debug;
		};
		04A83B4824F2CDDE0088712D /* Release */ = {
			isa = XCBuildConfiguration;
			buildSettings = {
				ALWAYS_SEARCH_USER_PATHS = NO;
				CLANG_ANALYZER_NONNULL = YES;
				CLANG_ANALYZER_NUMBER_OBJECT_CONVERSION = YES_AGGRESSIVE;
				CLANG_CXX_LANGUAGE_STANDARD = "gnu++14";
				CLANG_CXX_LIBRARY = "libc++";
				CLANG_ENABLE_MODULES = YES;
				CLANG_ENABLE_OBJC_ARC = YES;
				CLANG_ENABLE_OBJC_WEAK = YES;
				CLANG_WARN_BLOCK_CAPTURE_AUTORELEASING = YES;
				CLANG_WARN_BOOL_CONVERSION = YES;
				CLANG_WARN_COMMA = YES;
				CLANG_WARN_CONSTANT_CONVERSION = YES;
				CLANG_WARN_DEPRECATED_OBJC_IMPLEMENTATIONS = YES;
				CLANG_WARN_DIRECT_OBJC_ISA_USAGE = YES_ERROR;
				CLANG_WARN_DOCUMENTATION_COMMENTS = YES;
				CLANG_WARN_EMPTY_BODY = YES;
				CLANG_WARN_ENUM_CONVERSION = YES;
				CLANG_WARN_INFINITE_RECURSION = YES;
				CLANG_WARN_INT_CONVERSION = YES;
				CLANG_WARN_NON_LITERAL_NULL_CONVERSION = YES;
				CLANG_WARN_OBJC_IMPLICIT_RETAIN_SELF = YES;
				CLANG_WARN_OBJC_LITERAL_CONVERSION = YES;
				CLANG_WARN_OBJC_ROOT_CLASS = YES_ERROR;
				CLANG_WARN_RANGE_LOOP_ANALYSIS = YES;
				CLANG_WARN_STRICT_PROTOTYPES = YES;
				CLANG_WARN_SUSPICIOUS_MOVE = YES;
				CLANG_WARN_UNGUARDED_AVAILABILITY = YES_AGGRESSIVE;
				CLANG_WARN_UNREACHABLE_CODE = YES;
				CLANG_WARN__DUPLICATE_METHOD_MATCH = YES;
				COPY_PHASE_STRIP = NO;
				DEBUG_INFORMATION_FORMAT = "dwarf-with-dsym";
				ENABLE_NS_ASSERTIONS = NO;
				ENABLE_STRICT_OBJC_MSGSEND = YES;
				GCC_C_LANGUAGE_STANDARD = gnu11;
				GCC_NO_COMMON_BLOCKS = YES;
				GCC_WARN_64_TO_32_BIT_CONVERSION = YES;
				GCC_WARN_ABOUT_RETURN_TYPE = YES_ERROR;
				GCC_WARN_UNDECLARED_SELECTOR = YES;
				GCC_WARN_UNINITIALIZED_AUTOS = YES_AGGRESSIVE;
				GCC_WARN_UNUSED_FUNCTION = YES;
				GCC_WARN_UNUSED_VARIABLE = YES;
				IPHONEOS_DEPLOYMENT_TARGET = 13.6;
				MTL_ENABLE_DEBUG_INFO = NO;
				MTL_FAST_MATH = YES;
				SDKROOT = iphoneos;
				SWIFT_COMPILATION_MODE = wholemodule;
				SWIFT_OPTIMIZATION_LEVEL = "-O";
				VALIDATE_PRODUCT = YES;
			};
			name = Release;
		};
		04A83B4A24F2CDDE0088712D /* Debug */ = {
			isa = XCBuildConfiguration;
			buildSettings = {
				ASSETCATALOG_COMPILER_APPICON_NAME = AppIcon;
				CODE_SIGN_STYLE = Automatic;
				DEVELOPMENT_TEAM = LJW2898BYW;
				INFOPLIST_FILE = tableview/Info.plist;
				LD_RUNPATH_SEARCH_PATHS = (
					"$(inherited)",
					"@executable_path/Frameworks",
				);
				PRODUCT_BUNDLE_IDENTIFIER = juwon.tableview;
				PRODUCT_NAME = "$(TARGET_NAME)";
				SWIFT_VERSION = 5.0;
				TARGETED_DEVICE_FAMILY = "1,2";
			};
			name = Debug;
		};
		04A83B4B24F2CDDE0088712D /* Release */ = {
			isa = XCBuildConfiguration;
			buildSettings = {
				ASSETCATALOG_COMPILER_APPICON_NAME = AppIcon;
				CODE_SIGN_STYLE = Automatic;
				DEVELOPMENT_TEAM = LJW2898BYW;
				INFOPLIST_FILE = tableview/Info.plist;
				LD_RUNPATH_SEARCH_PATHS = (
					"$(inherited)",
					"@executable_path/Frameworks",
				);
				PRODUCT_BUNDLE_IDENTIFIER = juwon.tableview;
				PRODUCT_NAME = "$(TARGET_NAME)";
				SWIFT_VERSION = 5.0;
				TARGETED_DEVICE_FAMILY = "1,2";
			};
			name = Release;
		};
		04A83B5024F2CDDE0088712D /* Debug */ = {
			isa = XCBuildConfiguration;
			buildSettings = {
				ALWAYS_EMBED_SWIFT_STANDARD_LIBRARIES = YES;
				CODE_SIGN_STYLE = Automatic;
				DEVELOPMENT_TEAM = LJW2898BYW;
				INFOPLIST_FILE = tableviewUITests/Info.plist;
				LD_RUNPATH_SEARCH_PATHS = (
					"$(inherited)",
					"@executable_path/Frameworks",
					"@loader_path/Frameworks",
				);
				PRODUCT_BUNDLE_IDENTIFIER = juwon.tableviewUITests;
				PRODUCT_NAME = "$(TARGET_NAME)";
				SWIFT_VERSION = 5.0;
				TARGETED_DEVICE_FAMILY = "1,2";
				TEST_TARGET_NAME = tableview;
			};
			name = Debug;
		};
		04A83B5124F2CDDE0088712D /* Release */ = {
			isa = XCBuildConfiguration;
			buildSettings = {
				ALWAYS_EMBED_SWIFT_STANDARD_LIBRARIES = YES;
				CODE_SIGN_STYLE = Automatic;
				DEVELOPMENT_TEAM = LJW2898BYW;
				INFOPLIST_FILE = tableviewUITests/Info.plist;
				LD_RUNPATH_SEARCH_PATHS = (
					"$(inherited)",
					"@executable_path/Frameworks",
					"@loader_path/Frameworks",
				);
				PRODUCT_BUNDLE_IDENTIFIER = juwon.tableviewUITests;
				PRODUCT_NAME = "$(TARGET_NAME)";
				SWIFT_VERSION = 5.0;
				TARGETED_DEVICE_FAMILY = "1,2";
				TEST_TARGET_NAME = tableview;
			};
			name = Release;
		};
/* End XCBuildConfiguration section */

/* Begin XCConfigurationList section */
		04285AB424F2DD07003D6259 /* Build configuration list for PBXNativeTarget "tableviewTests" */ = {
			isa = XCConfigurationList;
			buildConfigurations = (
				04285AB524F2DD07003D6259 /* Debug */,
				04285AB624F2DD07003D6259 /* Release */,
			);
			defaultConfigurationIsVisible = 0;
			defaultConfigurationName = Release;
		};
		04A83B1A24F2CDDD0088712D /* Build configuration list for PBXProject "tableview" */ = {
			isa = XCConfigurationList;
			buildConfigurations = (
				04A83B4724F2CDDE0088712D /* Debug */,
				04A83B4824F2CDDE0088712D /* Release */,
			);
			defaultConfigurationIsVisible = 0;
			defaultConfigurationName = Release;
		};
		04A83B4924F2CDDE0088712D /* Build configuration list for PBXNativeTarget "tableview" */ = {
			isa = XCConfigurationList;
			buildConfigurations = (
				04A83B4A24F2CDDE0088712D /* Debug */,
				04A83B4B24F2CDDE0088712D /* Release */,
			);
			defaultConfigurationIsVisible = 0;
			defaultConfigurationName = Release;
		};
		04A83B4F24F2CDDE0088712D /* Build configuration list for PBXNativeTarget "tableviewUITests" */ = {
			isa = XCConfigurationList;
			buildConfigurations = (
				04A83B5024F2CDDE0088712D /* Debug */,
				04A83B5124F2CDDE0088712D /* Release */,
			);
			defaultConfigurationIsVisible = 0;
			defaultConfigurationName = Release;
		};
/* End XCConfigurationList section */
	};
	rootObject = 04A83B1724F2CDDD0088712D /* Project object */;
}
