// !$*UTF8*$!
{
	archiveVersion = 1;
	classes = {
	};
	objectVersion = 50;
	objects = {

/* Begin PBXBuildFile section */
		045255A925DE926800E027A5 /* AppDelegate.swift in Sources */ = {isa = PBXBuildFile; fileRef = 045255A825DE926800E027A5 /* AppDelegate.swift */; };
		045255AB25DE926800E027A5 /* SceneDelegate.swift in Sources */ = {isa = PBXBuildFile; fileRef = 045255AA25DE926800E027A5 /* SceneDelegate.swift */; };
		045255B025DE926800E027A5 /* Main.storyboard in Resources */ = {isa = PBXBuildFile; fileRef = 045255AE25DE926800E027A5 /* Main.storyboard */; };
		045255B325DE926800E027A5 /* spoddify.xcdatamodeld in Sources */ = {isa = PBXBuildFile; fileRef = 045255B125DE926800E027A5 /* spoddify.xcdatamodeld */; };
		045255B525DE926900E027A5 /* Assets.xcassets in Resources */ = {isa = PBXBuildFile; fileRef = 045255B425DE926900E027A5 /* Assets.xcassets */; };
		045255B825DE926900E027A5 /* LaunchScreen.storyboard in Resources */ = {isa = PBXBuildFile; fileRef = 045255B625DE926900E027A5 /* LaunchScreen.storyboard */; };
		045255C125DE933700E027A5 /* StartViewController.swift in Sources */ = {isa = PBXBuildFile; fileRef = 045255C025DE933700E027A5 /* StartViewController.swift */; };
		045255C425DE9E4200E027A5 /* SpotifyJoinButton.swift in Sources */ = {isa = PBXBuildFile; fileRef = 045255C325DE9E4200E027A5 /* SpotifyJoinButton.swift */; };
		045255CA25DEA06800E027A5 /* AnotherJoinButton.swift in Sources */ = {isa = PBXBuildFile; fileRef = 045255C925DEA06800E027A5 /* AnotherJoinButton.swift */; };
		04A1FB8F2602D2B6007D5097 /* PwdViewController.swift in Sources */ = {isa = PBXBuildFile; fileRef = 04A1FB8E2602D2B6007D5097 /* PwdViewController.swift */; };
		04A21C1525EF7EFD004A06A5 /* EmailViewController.swift in Sources */ = {isa = PBXBuildFile; fileRef = 04A21C1425EF7EFD004A06A5 /* EmailViewController.swift */; };
		04C355F326117FD60009D39B /* MainViewController.swift in Sources */ = {isa = PBXBuildFile; fileRef = 04C355F226117FD60009D39B /* MainViewController.swift */; };
		04E56410260C2C1600A3CC40 /* LoginViewController.swift in Sources */ = {isa = PBXBuildFile; fileRef = 04E5640F260C2C1600A3CC40 /* LoginViewController.swift */; };
		04FA8E7225EE2C2B00CDCB83 /* BirthTextField.swift in Sources */ = {isa = PBXBuildFile; fileRef = 04FA8E7125EE2C2B00CDCB83 /* BirthTextField.swift */; };
		04FA8E7925EE2DDD00CDCB83 /* JoinNextButton.swift in Sources */ = {isa = PBXBuildFile; fileRef = 04FA8E7825EE2DDD00CDCB83 /* JoinNextButton.swift */; };
		04FA8E7C25EE2F5A00CDCB83 /* BirthViewController.swift in Sources */ = {isa = PBXBuildFile; fileRef = 04FA8E7B25EE2F5A00CDCB83 /* BirthViewController.swift */; };
/* End PBXBuildFile section */

/* Begin PBXFileReference section */
		045255A525DE926800E027A5 /* spoddify.app */ = {isa = PBXFileReference; explicitFileType = wrapper.application; includeInIndex = 0; path = spoddify.app; sourceTree = BUILT_PRODUCTS_DIR; };
		045255A825DE926800E027A5 /* AppDelegate.swift */ = {isa = PBXFileReference; lastKnownFileType = sourcecode.swift; path = AppDelegate.swift; sourceTree = "<group>"; };
		045255AA25DE926800E027A5 /* SceneDelegate.swift */ = {isa = PBXFileReference; lastKnownFileType = sourcecode.swift; path = SceneDelegate.swift; sourceTree = "<group>"; };
		045255AF25DE926800E027A5 /* Base */ = {isa = PBXFileReference; lastKnownFileType = file.storyboard; name = Base; path = Base.lproj/Main.storyboard; sourceTree = "<group>"; };
		045255B225DE926800E027A5 /* spoddify.xcdatamodel */ = {isa = PBXFileReference; lastKnownFileType = wrapper.xcdatamodel; path = spoddify.xcdatamodel; sourceTree = "<group>"; };
		045255B425DE926900E027A5 /* Assets.xcassets */ = {isa = PBXFileReference; lastKnownFileType = folder.assetcatalog; path = Assets.xcassets; sourceTree = "<group>"; };
		045255B725DE926900E027A5 /* Base */ = {isa = PBXFileReference; lastKnownFileType = file.storyboard; name = Base; path = Base.lproj/LaunchScreen.storyboard; sourceTree = "<group>"; };
		045255B925DE926900E027A5 /* Info.plist */ = {isa = PBXFileReference; lastKnownFileType = text.plist.xml; path = Info.plist; sourceTree = "<group>"; };
		045255C025DE933700E027A5 /* StartViewController.swift */ = {isa = PBXFileReference; lastKnownFileType = sourcecode.swift; path = StartViewController.swift; sourceTree = "<group>"; };
		045255C325DE9E4200E027A5 /* SpotifyJoinButton.swift */ = {isa = PBXFileReference; lastKnownFileType = sourcecode.swift; path = SpotifyJoinButton.swift; sourceTree = "<group>"; };
		045255C925DEA06800E027A5 /* AnotherJoinButton.swift */ = {isa = PBXFileReference; lastKnownFileType = sourcecode.swift; path = AnotherJoinButton.swift; sourceTree = "<group>"; };
		04A1FB8E2602D2B6007D5097 /* PwdViewController.swift */ = {isa = PBXFileReference; lastKnownFileType = sourcecode.swift; path = PwdViewController.swift; sourceTree = "<group>"; };
		04A21C1425EF7EFD004A06A5 /* EmailViewController.swift */ = {isa = PBXFileReference; lastKnownFileType = sourcecode.swift; path = EmailViewController.swift; sourceTree = "<group>"; };
		04C355F226117FD60009D39B /* MainViewController.swift */ = {isa = PBXFileReference; lastKnownFileType = sourcecode.swift; path = MainViewController.swift; sourceTree = "<group>"; };
		04E5640F260C2C1600A3CC40 /* LoginViewController.swift */ = {isa = PBXFileReference; lastKnownFileType = sourcecode.swift; path = LoginViewController.swift; sourceTree = "<group>"; };
		04FA8E7125EE2C2B00CDCB83 /* BirthTextField.swift */ = {isa = PBXFileReference; lastKnownFileType = sourcecode.swift; path = BirthTextField.swift; sourceTree = "<group>"; };
		04FA8E7825EE2DDD00CDCB83 /* JoinNextButton.swift */ = {isa = PBXFileReference; lastKnownFileType = sourcecode.swift; path = JoinNextButton.swift; sourceTree = "<group>"; };
		04FA8E7B25EE2F5A00CDCB83 /* BirthViewController.swift */ = {isa = PBXFileReference; lastKnownFileType = sourcecode.swift; path = BirthViewController.swift; sourceTree = "<group>"; };
/* End PBXFileReference section */

/* Begin PBXFrameworksBuildPhase section */
		045255A225DE926800E027A5 /* Frameworks */ = {
			isa = PBXFrameworksBuildPhase;
			buildActionMask = 2147483647;
			files = (
			);
			runOnlyForDeploymentPostprocessing = 0;
		};
/* End PBXFrameworksBuildPhase section */

/* Begin PBXGroup section */
		0452559C25DE926800E027A5 = {
			isa = PBXGroup;
			children = (
				045255A725DE926800E027A5 /* spoddify */,
				045255A625DE926800E027A5 /* Products */,
			);
			sourceTree = "<group>";
		};
		045255A625DE926800E027A5 /* Products */ = {
			isa = PBXGroup;
			children = (
				045255A525DE926800E027A5 /* spoddify.app */,
			);
			name = Products;
			sourceTree = "<group>";
		};
		045255A725DE926800E027A5 /* spoddify */ = {
			isa = PBXGroup;
			children = (
				049599D225F9BF6200DDE276 /* controller */,
				049599D125F9BEE300DDE276 /* design */,
				045255A825DE926800E027A5 /* AppDelegate.swift */,
				045255AA25DE926800E027A5 /* SceneDelegate.swift */,
				045255AE25DE926800E027A5 /* Main.storyboard */,
				045255B425DE926900E027A5 /* Assets.xcassets */,
				045255B625DE926900E027A5 /* LaunchScreen.storyboard */,
				045255B925DE926900E027A5 /* Info.plist */,
				045255B125DE926800E027A5 /* spoddify.xcdatamodeld */,
			);
			path = spoddify;
			sourceTree = "<group>";
		};
		049599D125F9BEE300DDE276 /* design */ = {
			isa = PBXGroup;
			children = (
				04FA8E7125EE2C2B00CDCB83 /* BirthTextField.swift */,
				045255C925DEA06800E027A5 /* AnotherJoinButton.swift */,
				045255C325DE9E4200E027A5 /* SpotifyJoinButton.swift */,
				04FA8E7825EE2DDD00CDCB83 /* JoinNextButton.swift */,
			);
			path = design;
			sourceTree = "<group>";
		};
		049599D225F9BF6200DDE276 /* controller */ = {
			isa = PBXGroup;
			children = (
				045255C025DE933700E027A5 /* StartViewController.swift */,
				04A21C1425EF7EFD004A06A5 /* EmailViewController.swift */,
				04FA8E7B25EE2F5A00CDCB83 /* BirthViewController.swift */,
				04A1FB8E2602D2B6007D5097 /* PwdViewController.swift */,
				04E5640F260C2C1600A3CC40 /* LoginViewController.swift */,
				04C355F226117FD60009D39B /* MainViewController.swift */,
			);
			path = controller;
			sourceTree = "<group>";
		};
/* End PBXGroup section */

/* Begin PBXNativeTarget section */
		045255A425DE926800E027A5 /* spoddify */ = {
			isa = PBXNativeTarget;
			buildConfigurationList = 045255BC25DE926900E027A5 /* Build configuration list for PBXNativeTarget "spoddify" */;
			buildPhases = (
				045255A125DE926800E027A5 /* Sources */,
				045255A225DE926800E027A5 /* Frameworks */,
				045255A325DE926800E027A5 /* Resources */,
			);
			buildRules = (
			);
			dependencies = (
			);
			name = spoddify;
			productName = spoddify;
			productReference = 045255A525DE926800E027A5 /* spoddify.app */;
			productType = "com.apple.product-type.application";
		};
/* End PBXNativeTarget section */

/* Begin PBXProject section */
		0452559D25DE926800E027A5 /* Project object */ = {
			isa = PBXProject;
			attributes = {
				LastSwiftUpdateCheck = 1230;
				LastUpgradeCheck = 1230;
				TargetAttributes = {
					045255A425DE926800E027A5 = {
						CreatedOnToolsVersion = 12.3;
					};
				};
			};
			buildConfigurationList = 045255A025DE926800E027A5 /* Build configuration list for PBXProject "spoddify" */;
			compatibilityVersion = "Xcode 9.3";
			developmentRegion = en;
			hasScannedForEncodings = 0;
			knownRegions = (
				en,
				Base,
			);
			mainGroup = 0452559C25DE926800E027A5;
			productRefGroup = 045255A625DE926800E027A5 /* Products */;
			projectDirPath = "";
			projectRoot = "";
			targets = (
				045255A425DE926800E027A5 /* spoddify */,
			);
		};
/* End PBXProject section */

/* Begin PBXResourcesBuildPhase section */
		045255A325DE926800E027A5 /* Resources */ = {
			isa = PBXResourcesBuildPhase;
			buildActionMask = 2147483647;
			files = (
				045255B825DE926900E027A5 /* LaunchScreen.storyboard in Resources */,
				045255B525DE926900E027A5 /* Assets.xcassets in Resources */,
				045255B025DE926800E027A5 /* Main.storyboard in Resources */,
			);
			runOnlyForDeploymentPostprocessing = 0;
		};
/* End PBXResourcesBuildPhase section */

/* Begin PBXSourcesBuildPhase section */
		045255A125DE926800E027A5 /* Sources */ = {
			isa = PBXSourcesBuildPhase;
			buildActionMask = 2147483647;
			files = (
				04E56410260C2C1600A3CC40 /* LoginViewController.swift in Sources */,
				04C355F326117FD60009D39B /* MainViewController.swift in Sources */,
				04FA8E7925EE2DDD00CDCB83 /* JoinNextButton.swift in Sources */,
				045255C425DE9E4200E027A5 /* SpotifyJoinButton.swift in Sources */,
				045255C125DE933700E027A5 /* StartViewController.swift in Sources */,
				04FA8E7C25EE2F5A00CDCB83 /* BirthViewController.swift in Sources */,
				045255A925DE926800E027A5 /* AppDelegate.swift in Sources */,
				045255AB25DE926800E027A5 /* SceneDelegate.swift in Sources */,
				045255B325DE926800E027A5 /* spoddify.xcdatamodeld in Sources */,
				045255CA25DEA06800E027A5 /* AnotherJoinButton.swift in Sources */,
				04A21C1525EF7EFD004A06A5 /* EmailViewController.swift in Sources */,
				04A1FB8F2602D2B6007D5097 /* PwdViewController.swift in Sources */,
				04FA8E7225EE2C2B00CDCB83 /* BirthTextField.swift in Sources */,
			);
			runOnlyForDeploymentPostprocessing = 0;
		};
/* End PBXSourcesBuildPhase section */

/* Begin PBXVariantGroup section */
		045255AE25DE926800E027A5 /* Main.storyboard */ = {
			isa = PBXVariantGroup;
			children = (
				045255AF25DE926800E027A5 /* Base */,
			);
			name = Main.storyboard;
			sourceTree = "<group>";
		};
		045255B625DE926900E027A5 /* LaunchScreen.storyboard */ = {
			isa = PBXVariantGroup;
			children = (
				045255B725DE926900E027A5 /* Base */,
			);
			name = LaunchScreen.storyboard;
			sourceTree = "<group>";
		};
/* End PBXVariantGroup section */

/* Begin XCBuildConfiguration section */
		045255BA25DE926900E027A5 /* Debug */ = {
			isa = XCBuildConfiguration;
			buildSettings = {
				ALWAYS_SEARCH_USER_PATHS = NO;
				CLANG_ANALYZER_NONNULL = YES;
				CLANG_ANALYZER_NUMBER_OBJECT_CONVERSION = YES_AGGRESSIVE;
				CLANG_CXX_LANGUAGE_STANDARD = "gnu++14";
				CLANG_CXX_LIBRARY = "libc++";
				CLANG_ENABLE_MODULES = YES;
				CLANG_ENABLE_OBJC_ARC = YES;
				CLANG_ENABLE_OBJC_WEAK = YES;
				CLANG_WARN_BLOCK_CAPTURE_AUTORELEASING = YES;
				CLANG_WARN_BOOL_CONVERSION = YES;
				CLANG_WARN_COMMA = YES;
				CLANG_WARN_CONSTANT_CONVERSION = YES;
				CLANG_WARN_DEPRECATED_OBJC_IMPLEMENTATIONS = YES;
				CLANG_WARN_DIRECT_OBJC_ISA_USAGE = YES_ERROR;
				CLANG_WARN_DOCUMENTATION_COMMENTS = YES;
				CLANG_WARN_EMPTY_BODY = YES;
				CLANG_WARN_ENUM_CONVERSION = YES;
				CLANG_WARN_INFINITE_RECURSION = YES;
				CLANG_WARN_INT_CONVERSION = YES;
				CLANG_WARN_NON_LITERAL_NULL_CONVERSION = YES;
				CLANG_WARN_OBJC_IMPLICIT_RETAIN_SELF = YES;
				CLANG_WARN_OBJC_LITERAL_CONVERSION = YES;
				CLANG_WARN_OBJC_ROOT_CLASS = YES_ERROR;
				CLANG_WARN_QUOTED_INCLUDE_IN_FRAMEWORK_HEADER = YES;
				CLANG_WARN_RANGE_LOOP_ANALYSIS = YES;
				CLANG_WARN_STRICT_PROTOTYPES = YES;
				CLANG_WARN_SUSPICIOUS_MOVE = YES;
				CLANG_WARN_UNGUARDED_AVAILABILITY = YES_AGGRESSIVE;
				CLANG_WARN_UNREACHABLE_CODE = YES;
				CLANG_WARN__DUPLICATE_METHOD_MATCH = YES;
				COPY_PHASE_STRIP = NO;
				DEBUG_INFORMATION_FORMAT = dwarf;
				ENABLE_STRICT_OBJC_MSGSEND = YES;
				ENABLE_TESTABILITY = YES;
				GCC_C_LANGUAGE_STANDARD = gnu11;
				GCC_DYNAMIC_NO_PIC = NO;
				GCC_NO_COMMON_BLOCKS = YES;
				GCC_OPTIMIZATION_LEVEL = 0;
				GCC_PREPROCESSOR_DEFINITIONS = (
					"DEBUG=1",
					"$(inherited)",
				);
				GCC_WARN_64_TO_32_BIT_CONVERSION = YES;
				GCC_WARN_ABOUT_RETURN_TYPE = YES_ERROR;
				GCC_WARN_UNDECLARED_SELECTOR = YES;
				GCC_WARN_UNINITIALIZED_AUTOS = YES_AGGRESSIVE;
				GCC_WARN_UNUSED_FUNCTION = YES;
				GCC_WARN_UNUSED_VARIABLE = YES;
				IPHONEOS_DEPLOYMENT_TARGET = 14.3;
				MTL_ENABLE_DEBUG_INFO = INCLUDE_SOURCE;
				MTL_FAST_MATH = YES;
				ONLY_ACTIVE_ARCH = YES;
				SDKROOT = iphoneos;
				SWIFT_ACTIVE_COMPILATION_CONDITIONS = DEBUG;
				SWIFT_OPTIMIZATION_LEVEL = "-Onone";
			};
			name = Debug;
		};
		045255BB25DE926900E027A5 /* Release */ = {
			isa = XCBuildConfiguration;
			buildSettings = {
				ALWAYS_SEARCH_USER_PATHS = NO;
				CLANG_ANALYZER_NONNULL = YES;
				CLANG_ANALYZER_NUMBER_OBJECT_CONVERSION = YES_AGGRESSIVE;
				CLANG_CXX_LANGUAGE_STANDARD = "gnu++14";
				CLANG_CXX_LIBRARY = "libc++";
				CLANG_ENABLE_MODULES = YES;
				CLANG_ENABLE_OBJC_ARC = YES;
				CLANG_ENABLE_OBJC_WEAK = YES;
				CLANG_WARN_BLOCK_CAPTURE_AUTORELEASING = YES;
				CLANG_WARN_BOOL_CONVERSION = YES;
				CLANG_WARN_COMMA = YES;
				CLANG_WARN_CONSTANT_CONVERSION = YES;
				CLANG_WARN_DEPRECATED_OBJC_IMPLEMENTATIONS = YES;
				CLANG_WARN_DIRECT_OBJC_ISA_USAGE = YES_ERROR;
				CLANG_WARN_DOCUMENTATION_COMMENTS = YES;
				CLANG_WARN_EMPTY_BODY = YES;
				CLANG_WARN_ENUM_CONVERSION = YES;
				CLANG_WARN_INFINITE_RECURSION = YES;
				CLANG_WARN_INT_CONVERSION = YES;
				CLANG_WARN_NON_LITERAL_NULL_CONVERSION = YES;
				CLANG_WARN_OBJC_IMPLICIT_RETAIN_SELF = YES;
				CLANG_WARN_OBJC_LITERAL_CONVERSION = YES;
				CLANG_WARN_OBJC_ROOT_CLASS = YES_ERROR;
				CLANG_WARN_QUOTED_INCLUDE_IN_FRAMEWORK_HEADER = YES;
				CLANG_WARN_RANGE_LOOP_ANALYSIS = YES;
				CLANG_WARN_STRICT_PROTOTYPES = YES;
				CLANG_WARN_SUSPICIOUS_MOVE = YES;
				CLANG_WARN_UNGUARDED_AVAILABILITY = YES_AGGRESSIVE;
				CLANG_WARN_UNREACHABLE_CODE = YES;
				CLANG_WARN__DUPLICATE_METHOD_MATCH = YES;
				COPY_PHASE_STRIP = NO;
				DEBUG_INFORMATION_FORMAT = "dwarf-with-dsym";
				ENABLE_NS_ASSERTIONS = NO;
				ENABLE_STRICT_OBJC_MSGSEND = YES;
				GCC_C_LANGUAGE_STANDARD = gnu11;
				GCC_NO_COMMON_BLOCKS = YES;
				GCC_WARN_64_TO_32_BIT_CONVERSION = YES;
				GCC_WARN_ABOUT_RETURN_TYPE = YES_ERROR;
				GCC_WARN_UNDECLARED_SELECTOR = YES;
				GCC_WARN_UNINITIALIZED_AUTOS = YES_AGGRESSIVE;
				GCC_WARN_UNUSED_FUNCTION = YES;
				GCC_WARN_UNUSED_VARIABLE = YES;
				IPHONEOS_DEPLOYMENT_TARGET = 14.3;
				MTL_ENABLE_DEBUG_INFO = NO;
				MTL_FAST_MATH = YES;
				SDKROOT = iphoneos;
				SWIFT_COMPILATION_MODE = wholemodule;
				SWIFT_OPTIMIZATION_LEVEL = "-O";
				VALIDATE_PRODUCT = YES;
			};
			name = Release;
		};
		045255BD25DE926900E027A5 /* Debug */ = {
			isa = XCBuildConfiguration;
			buildSettings = {
				ASSETCATALOG_COMPILER_APPICON_NAME = AppIcon;
				ASSETCATALOG_COMPILER_GLOBAL_ACCENT_COLOR_NAME = AccentColor;
				CODE_SIGN_STYLE = Automatic;
				DEVELOPMENT_TEAM = LJW2898BYW;
				INFOPLIST_FILE = spoddify/Info.plist;
				LD_RUNPATH_SEARCH_PATHS = (
					"$(inherited)",
					"@executable_path/Frameworks",
				);
				PRODUCT_BUNDLE_IDENTIFIER = kr.co.juwon.spoddify;
				PRODUCT_NAME = "$(TARGET_NAME)";
				SWIFT_VERSION = 5.0;
				TARGETED_DEVICE_FAMILY = "1,2";
			};
			name = Debug;
		};
		045255BE25DE926900E027A5 /* Release */ = {
			isa = XCBuildConfiguration;
			buildSettings = {
				ASSETCATALOG_COMPILER_APPICON_NAME = AppIcon;
				ASSETCATALOG_COMPILER_GLOBAL_ACCENT_COLOR_NAME = AccentColor;
				CODE_SIGN_STYLE = Automatic;
				DEVELOPMENT_TEAM = LJW2898BYW;
				INFOPLIST_FILE = spoddify/Info.plist;
				LD_RUNPATH_SEARCH_PATHS = (
					"$(inherited)",
					"@executable_path/Frameworks",
				);
				PRODUCT_BUNDLE_IDENTIFIER = kr.co.juwon.spoddify;
				PRODUCT_NAME = "$(TARGET_NAME)";
				SWIFT_VERSION = 5.0;
				TARGETED_DEVICE_FAMILY = "1,2";
			};
			name = Release;
		};
/* End XCBuildConfiguration section */

/* Begin XCConfigurationList section */
		045255A025DE926800E027A5 /* Build configuration list for PBXProject "spoddify" */ = {
			isa = XCConfigurationList;
			buildConfigurations = (
				045255BA25DE926900E027A5 /* Debug */,
				045255BB25DE926900E027A5 /* Release */,
			);
			defaultConfigurationIsVisible = 0;
			defaultConfigurationName = Release;
		};
		045255BC25DE926900E027A5 /* Build configuration list for PBXNativeTarget "spoddify" */ = {
			isa = XCConfigurationList;
			buildConfigurations = (
				045255BD25DE926900E027A5 /* Debug */,
				045255BE25DE926900E027A5 /* Release */,
			);
			defaultConfigurationIsVisible = 0;
			defaultConfigurationName = Release;
		};
/* End XCConfigurationList section */

/* Begin XCVersionGroup section */
		045255B125DE926800E027A5 /* spoddify.xcdatamodeld */ = {
			isa = XCVersionGroup;
			children = (
				045255B225DE926800E027A5 /* spoddify.xcdatamodel */,
			);
			currentVersion = 045255B225DE926800E027A5 /* spoddify.xcdatamodel */;
			path = spoddify.xcdatamodeld;
			sourceTree = "<group>";
			versionGroupType = wrapper.xcdatamodel;
		};
/* End XCVersionGroup section */
	};
	rootObject = 0452559D25DE926800E027A5 /* Project object */;
}
